%{
  "broadway": {:hex, :broadway, "1.1.0", "8ed3aea01fd6f5640b3e1515b90eca51c4fc1fac15fb954cdcf75dc054ae719c", [:mix], [{:gen_stage, "~> 1.0", [hex: :gen_stage, repo: "hexpm", optional: false]}, {:nimble_options, "~> 0.3.7 or ~> 0.4 or ~> 1.0", [hex: :nimble_options, repo: "hexpm", optional: false]}, {:telemetry, "~> 0.4.3 or ~> 1.0", [hex: :telemetry, repo: "hexpm", optional: false]}], "hexpm", "25e315ef1afe823129485d981dcc6d9b221cea30e625fd5439e9b05f44fb60e4"},
  "broadway_kafka": {:hex, :broadway_kafka, "0.3.5", "c663e925d8cc5f4a69d697b4ae2df5667aaddd9449e9ed599ad9424fc8105c8a", [:mix], [{:broadway, "~> 1.0", [hex: :broadway, repo: "hexpm", optional: false]}, {:brod, "~> 3.10", [hex: :brod, repo: "hexpm", optional: false]}], "hexpm", "591a63212c97201bd24a85832c7cae67d1e7998193f1d821bfd42d47af250325"},
  "brod": {:hex, :brod, "3.15.0", "df6fbd1d26f5a23812935676990def2a31d1432563e20a66a87aa1ea82c6382b", [:rebar3], [], "hexpm", "e1bfa4c32250cd80fca7d7baa0266de312029091f50eaf417a9b72393b1e9e1a"},
  "connection": {:hex, :connection, "1.1.0", "ff2a49c4b75b6fb3e674bfc5536451607270aac754ffd1bdfe175abe4a6d7a68", [:mix], [], "hexpm", "722c1eb0a418fbe91ba7bd59a47e28008a189d47e37e0e7bb85585a016b2869c"},
  "crc32cer": {:hex, :crc32cer, "0.1.10", "fb87abbf34b72f180f8c3a908cd1826c6cb9a59787d156a29e05de9e98be385e", [:rebar3], [], "hexpm", "5b1f47efd0a1b4b7411f1f35e14d3c8c6da6e6a2a725ec8f2cf1ab13703e5f38"},
  "gen_stage": {:hex, :gen_stage, "1.2.1", "19d8b5e9a5996d813b8245338a28246307fd8b9c99d1237de199d21efc4c76a1", [:mix], [], "hexpm", "83e8be657fa05b992ffa6ac1e3af6d57aa50aace8f691fcf696ff02f8335b001"},
  "kafka_ex": {:hex, :kafka_ex, "0.13.0", "2bfaf3c81d4ee01ed2088cb09e46c070c245f60f5752ec7043f29e807f6679ec", [:mix], [{:kayrock, "~> 0.1.12", [hex: :kayrock, repo: "hexpm", optional: false]}], "hexpm", "8a806eee5cd8191f45870b2ef4b3f4f52c57d798039f2d3fc602ce47053db7b9"},
  "kayrock": {:hex, :kayrock, "0.1.15", "61ce03b65dd2236479357ca4162f43fe3a42923b39fbb6551a16d57cf2b93072", [:mix], [{:connection, "~> 1.1.0", [hex: :connection, repo: "hexpm", optional: false]}, {:crc32cer, "~> 0.1.8", [hex: :crc32cer, repo: "hexpm", optional: false]}, {:varint, "~> 1.2.0", [hex: :varint, repo: "hexpm", optional: false]}], "hexpm", "61d7b3579db68e61c26f316b9246e0231b878148bb1887adc59fecedcbc46c12"},
  "nimble_options": {:hex, :nimble_options, "1.1.1", "e3a492d54d85fc3fd7c5baf411d9d2852922f66e69476317787a7b2bb000a61b", [:mix], [], "hexpm", "821b2470ca9442c4b6984882fe9bb0389371b8ddec4d45a9504f00a66f650b44"},
  "telemetry": {:hex, :telemetry, "1.2.1", "68fdfe8d8f05a8428483a97d7aab2f268aaff24b49e0f599faa091f1d4e7f61c", [:rebar3], [], "hexpm", "dad9ce9d8effc621708f99eac538ef1cbe05d6a874dd741de2e689c47feafed5"},
  "varint": {:hex, :varint, "1.2.0", "61bffd9dcc2d5242d59f75694506b4d4013bb103f6a23e34b94f89cebb0c1ab3", [:mix], [], "hexpm", "d94941ed8b9d1a5fdede9103a5e52035bd0aaf35081d44e67713a36799927e47"},
}
